{
    "requires": true,
    "lockfileVersion": 1,
    "dependencies": {
        "@types/codemirror": {
            "version": "0.0.71",
            "resolved": "https://registry.npmjs.org/@types/codemirror/-/codemirror-0.0.71.tgz",
            "integrity": "sha512-b2oEEnno1LIGKMR7uBEsr40al1UijF1HEpRn0+Yf1xOLl24iQgB7DBpZVMM7y54G5wCNoclDrRO65E6KHPNO2w==",
            "requires": {
                "@types/tern": "*"
            }
        },
        "@types/estree": {
            "version": "0.0.40",
            "resolved": "https://registry.npmjs.org/@types/estree/-/estree-0.0.40.tgz",
            "integrity": "sha512-p3KZgMto/JyxosKGmnLDJ/dG5wf+qTRMUjHJcspC2oQKa4jP7mz+tv0ND56lLBu3ojHlhzY33Ol+khLyNmilkA=="
        },
        "@types/jquery": {
            "version": "3.3.31",
            "resolved": "https://registry.npmjs.org/@types/jquery/-/jquery-3.3.31.tgz",
            "integrity": "sha512-Lz4BAJihoFw5nRzKvg4nawXPzutkv7wmfQ5121avptaSIXlDNJCUuxZxX/G+9EVidZGuO0UBlk+YjKbwRKJigg==",
            "requires": {
                "@types/sizzle": "*"
            }
        },
        "@types/linkify-it": {
            "version": "2.1.0",
            "resolved": "https://registry.npmjs.org/@types/linkify-it/-/linkify-it-2.1.0.tgz",
            "integrity": "sha512-Q7DYAOi9O/+cLLhdaSvKdaumWyHbm7HAk/bFwwyTuU0arR5yyCeW5GOoqt4tJTpDRxhpx9Q8kQL6vMpuw9hDSw=="
        },
        "@types/markdown-it": {
            "version": "0.0.7",
            "resolved": "https://registry.npmjs.org/@types/markdown-it/-/markdown-it-0.0.7.tgz",
            "integrity": "sha512-WyL6pa76ollQFQNEaLVa41ZUUvDvPY+qAUmlsphnrpL6I9p1m868b26FyeoOmo7X3/Ta/S9WKXcEYXUSHnxoVQ==",
            "requires": {
                "@types/linkify-it": "*"
            }
        },
        "@types/sizzle": {
            "version": "2.3.2",
            "resolved": "https://registry.npmjs.org/@types/sizzle/-/sizzle-2.3.2.tgz",
            "integrity": "sha512-7EJYyKTL7tFR8+gDbB6Wwz/arpGa0Mywk1TJbNzKzHtzbwVmY4HR9WqS5VV7dsBUKQmPNr192jHr/VpBluj/hg=="
        },
        "@types/tern": {
            "version": "0.23.3",
            "resolved": "https://registry.npmjs.org/@types/tern/-/tern-0.23.3.tgz",
            "integrity": "sha512-imDtS4TAoTcXk0g7u4kkWqedB3E4qpjXzCpD2LU5M5NAXHzCDsypyvXSaG7mM8DKYkCRa7tFp4tS/lp/Wo7Q3w==",
            "requires": {
                "@types/estree": "*"
            }
        },
        "argparse": {
            "version": "1.0.10",
            "resolved": "https://registry.npmjs.org/argparse/-/argparse-1.0.10.tgz",
            "integrity": "sha512-o5Roy6tNG4SL/FOkCAN6RzjiakZS25RLYFrcMttJqbdd8BWrnA+fGz57iN5Pb06pvBGvl5gQ0B48dJlslXvoTg==",
            "requires": {
                "sprintf-js": "~1.0.2"
            }
        },
        "babel-polyfill": {
            "version": "6.26.0",
            "resolved": "https://registry.npmjs.org/babel-polyfill/-/babel-polyfill-6.26.0.tgz",
            "integrity": "sha1-N5k3q8Z9eJWXCtxiHyhM2WbPIVM=",
            "requires": {
                "babel-runtime": "^6.26.0",
                "core-js": "^2.5.0",
                "regenerator-runtime": "^0.10.5"
            }
        },
        "babel-runtime": {
            "version": "6.26.0",
            "resolved": "https://registry.npmjs.org/babel-runtime/-/babel-runtime-6.26.0.tgz",
            "integrity": "sha1-llxwWGaOgrVde/4E/yM3vItWR/4=",
            "requires": {
                "core-js": "^2.4.0",
                "regenerator-runtime": "^0.11.0"
            },
            "dependencies": {
                "regenerator-runtime": {
                    "version": "0.11.1",
                    "resolved": "https://registry.npmjs.org/regenerator-runtime/-/regenerator-runtime-0.11.1.tgz",
                    "integrity": "sha512-MguG95oij0fC3QV3URf4V2SDYGJhJnJGqvIIgdECeODCT98wSWDAJ94SSuVpYQUoTcGUIL6L4yNB7j1DFFHSBg=="
                }
            }
        },
        "codemirror": {
            "version": "5.49.2",
            "resolved": "https://registry.npmjs.org/codemirror/-/codemirror-5.49.2.tgz",
            "integrity": "sha512-dwJ2HRPHm8w51WB5YTF9J7m6Z5dtkqbU9ntMZ1dqXyFB9IpjoUFDj80ahRVEoVanfIp6pfASJbOlbWdEf8FOzQ=="
        },
        "commander": {
            "version": "2.20.3",
            "resolved": "https://registry.npmjs.org/commander/-/commander-2.20.3.tgz",
            "integrity": "sha512-GpVkmM8vF2vQUkj2LvZmD35JxeJOLCwJ9cUkugyk2nuhbv3+mJvpLYYt+0+USMxE+oj+ey/lJEnhZw75x/OMcQ==",
            "optional": true
        },
        "core-js": {
            "version": "2.6.11",
            "resolved": "https://registry.npmjs.org/core-js/-/core-js-2.6.11.tgz",
            "integrity": "sha512-5wjnpaT/3dV+XB4borEsnAYQchn00XSgTAWKDkEqv+K8KevjbzmofK6hfJ9TZIlpj2N0xQpazy7PiRQiWHqzWg=="
        },
        "entities": {
            "version": "1.1.2",
            "resolved": "https://registry.npmjs.org/entities/-/entities-1.1.2.tgz",
            "integrity": "sha512-f2LZMYl1Fzu7YSBKg+RoROelpOaNrcGmE9AZubeDfrCEia483oW4MI4VyFd5VNHIgQ/7qm1I0wUHK1eJnn2y2w=="
        },
        "eve": {
            "version": "git://github.com/adobe-webplatform/eve.git#eef80ed8d188423c2272746fb8ae5cc8dad84cb1",
            "from": "git://github.com/adobe-webplatform/eve.git#eef80ed"
        },
        "handlebars": {
            "version": "4.5.3",
            "resolved": "https://registry.npmjs.org/handlebars/-/handlebars-4.5.3.tgz",
            "integrity": "sha512-3yPecJoJHK/4c6aZhSvxOyG4vJKDshV36VHp0iVCDVh7o9w2vwi3NSnL2MMPj3YdduqaBcu7cGbggJQM0br9xA==",
            "requires": {
                "neo-async": "^2.6.0",
                "optimist": "^0.6.1",
                "source-map": "^0.6.1",
                "uglify-js": "^3.1.4"
            }
        },
        "highlight.js": {
            "version": "9.17.1",
            "resolved": "https://registry.npmjs.org/highlight.js/-/highlight.js-9.17.1.tgz",
            "integrity": "sha512-TA2/doAur5Ol8+iM3Ov7qy3jYcr/QiJ2eDTdRF4dfbjG7AaaB99J5G+zSl11ljbl6cIcahgPY6SKb3sC3EJ0fw==",
            "requires": {
                "handlebars": "^4.5.3"
            }
        },
        "jquery": {
            "version": "3.4.1",
            "resolved": "https://registry.npmjs.org/jquery/-/jquery-3.4.1.tgz",
            "integrity": "sha512-36+AdBzCL+y6qjw5Tx7HgzeGCzC81MDDgaUP8ld2zhx58HdqXGoBd+tHdrBMiyjGQs0Hxs/MLZTu/eHNJJuWPw=="
        },
        "linkify-it": {
            "version": "2.2.0",
            "resolved": "https://registry.npmjs.org/linkify-it/-/linkify-it-2.2.0.tgz",
            "integrity": "sha512-GnAl/knGn+i1U/wjBz3akz2stz+HrHLsxMwHQGofCDfPvlf+gDKN58UtfmUquTY4/MXeE2x7k19KQmeoZi94Iw==",
            "requires": {
                "uc.micro": "^1.0.1"
            }
        },
        "markdown-it": {
            "version": "9.1.0",
            "resolved": "https://registry.npmjs.org/markdown-it/-/markdown-it-9.1.0.tgz",
            "integrity": "sha512-xHKG4C8iPriyfu/jc2hsCC045fKrMQ0VexX2F1FGYiRxDxqMB2aAhF8WauJ3fltn2kb90moGBkiiEdooGIg55w==",
            "requires": {
                "argparse": "^1.0.7",
                "entities": "~1.1.1",
                "linkify-it": "^2.0.0",
                "mdurl": "^1.0.1",
                "uc.micro": "^1.0.5"
            }
        },
        "mdurl": {
            "version": "1.0.1",
            "resolved": "https://registry.npmjs.org/mdurl/-/mdurl-1.0.1.tgz",
            "integrity": "sha1-/oWy7HWlkDfyrf7BAP1sYBdhFS4="
        },
        "minimist": {
            "version": "0.0.10",
            "resolved": "https://registry.npmjs.org/minimist/-/minimist-0.0.10.tgz",
            "integrity": "sha1-3j+YVD2/lggr5IrRoMfNqDYwHc8="
        },
        "neo-async": {
            "version": "2.6.1",
            "resolved": "https://registry.npmjs.org/neo-async/-/neo-async-2.6.1.tgz",
            "integrity": "sha512-iyam8fBuCUpWeKPGpaNMetEocMt364qkCsfL9JuhjXX6dRnguRVOfk2GZaDpPjcOKiiXCPINZC1GczQ7iTq3Zw=="
        },
        "optimist": {
            "version": "0.6.1",
            "resolved": "https://registry.npmjs.org/optimist/-/optimist-0.6.1.tgz",
            "integrity": "sha1-2j6nRob6IaGaERwybpDrFaAZZoY=",
            "requires": {
                "minimist": "~0.0.1",
                "wordwrap": "~0.0.2"
            }
        },
        "plantuml-encoder": {
            "version": "1.4.0",
            "resolved": "https://registry.npmjs.org/plantuml-encoder/-/plantuml-encoder-1.4.0.tgz",
            "integrity": "sha512-sxMwpDw/ySY1WB2CE3+IdMuEcWibJ72DDOsXLkSmEaSzwEUaYBT6DWgOfBiHGCux4q433X6+OEFWjlVqp7gL6g=="
        },
        "raphael": {
            "version": "git+https://github.com/nhn/raphael.git#78a6ed3ec269f33b6457b0ec66f8c3d1f2ed70e0",
            "from": "git+https://github.com/nhn/raphael.git#2.2.0-c",
            "requires": {
                "eve": "git://github.com/adobe-webplatform/eve.git#eef80ed"
            }
        },
        "regenerator-runtime": {
            "version": "0.10.5",
            "resolved": "https://registry.npmjs.org/regenerator-runtime/-/regenerator-runtime-0.10.5.tgz",
            "integrity": "sha1-M2w+/BIgrc7dosn6tntaeVWjNlg="
        },
        "resize-observer-polyfill": {
            "version": "1.5.1",
            "resolved": "https://registry.npmjs.org/resize-observer-polyfill/-/resize-observer-polyfill-1.5.1.tgz",
            "integrity": "sha512-LwZrotdHOo12nQuZlHEmtuXdqGoOD0OhaxopaNFxWzInpEgaLWoVuAMbTzixuosCx2nEG58ngzW3vxdWoxIgdg=="
        },
        "source-map": {
            "version": "0.6.1",
            "resolved": "https://registry.npmjs.org/source-map/-/source-map-0.6.1.tgz",
            "integrity": "sha512-UjgapumWlbMhkBgzT7Ykc5YXUT46F0iKu8SGXq0bcwP5dz/h0Plj6enJqjz1Zbq2l5WaqYnrVbwWOWMyF3F47g=="
        },
        "sprintf-js": {
            "version": "1.0.3",
            "resolved": "https://registry.npmjs.org/sprintf-js/-/sprintf-js-1.0.3.tgz",
            "integrity": "sha1-BOaSb2YolTVPPdAVIDYzuFcpfiw="
        },
        "squire-rte": {
            "version": "github:seonim-ryu/Squire#fd40b4e3020845825701e9689f190bab3f4775d4",
            "from": "github:seonim-ryu/Squire#fd40b4e3020845825701e9689f190bab3f4775d4"
        },
        "to-mark": {
            "version": "1.1.9",
            "resolved": "https://registry.npmjs.org/to-mark/-/to-mark-1.1.9.tgz",
            "integrity": "sha512-qHVnIhvwJbIIqOjuJgH2JlOmV/wPSSAY0QOQ47xQb9VPCzhV0Nd23+bBD4K/mzDGJA5lckZMfkgLScYvqKnPpg=="
        },
        "tui-chart": {
            "version": "3.9.0",
            "resolved": "https://registry.npmjs.org/tui-chart/-/tui-chart-3.9.0.tgz",
            "integrity": "sha512-5QRGRiUbrFgdDcIRQr3AuJgzO/2nJ0WKboFXtm/9vqscYv35dRDK9zF8T4584M5kr5F/cAjTQWWgTpKb3i9y7Q==",
            "requires": {
                "babel-polyfill": "^6.26.0",
                "raphael": "git+https://github.com/nhn/raphael.git#2.2.0-c",
                "tui-code-snippet": "^1.5.0"
            }
        },
        "tui-code-snippet": {
            "version": "1.5.2",
            "resolved": "https://registry.npmjs.org/tui-code-snippet/-/tui-code-snippet-1.5.2.tgz",
            "integrity": "sha512-6UqTlQaaC1KLcmC0HAoq5dtl1G4Fib+R+NC7pmaV7kiIlZ7JqKhUmnOoGRcreAyzd81UTK/vCvhrw9QJskpCFQ=="
        },
        "tui-color-picker": {
            "version": "2.2.5",
            "resolved": "https://registry.npmjs.org/tui-color-picker/-/tui-color-picker-2.2.5.tgz",
            "integrity": "sha512-pOQ+PurQtBhY2Yk5jKLI4yoDncj21w0xbpA10E17zBzD6B5HlSKayOsiqS97x4BNw19VMg5E9z9cTk7zAgwy9g==",
            "requires": {
                "tui-code-snippet": "^1.5.0"
            }
        },
        "tui-editor": {
            "version": "1.4.10",
            "resolved": "https://registry.npmjs.org/tui-editor/-/tui-editor-1.4.10.tgz",
            "integrity": "sha512-fET8etzvxTm0cFa7C8cbDFkPZ8R9s/oWVRr4i7Z1QKk4YkmY/hDjrdtWPXuIOy4/IzCWQHnv4TmnyVZmAbuG5Q==",
            "requires": {
                "@types/codemirror": "0.0.71",
                "@types/jquery": "^3.3.29",
                "@types/markdown-it": "0.0.7",
                "codemirror": "^5.48.4",
                "highlight.js": "^9.12.0",
                "jquery": "^3.3.1",
                "markdown-it": "^9.0.0",
                "plantuml-encoder": "^1.2.5",
                "resize-observer-polyfill": "^1.5.0",
                "squire-rte": "github:seonim-ryu/Squire#fd40b4e3020845825701e9689f190bab3f4775d4",
                "to-mark": "^1.1.9",
                "tui-chart": "^3.7.0",
                "tui-code-snippet": "^1.5.0",
                "tui-color-picker": "^2.2.1"
            }
        },
        "uc.micro": {
            "version": "1.0.6",
            "resolved": "https://registry.npmjs.org/uc.micro/-/uc.micro-1.0.6.tgz",
            "integrity": "sha512-8Y75pvTYkLJW2hWQHXxoqRgV7qb9B+9vFEtidML+7koHUFapnVJAZ6cKs+Qjz5Aw3aZWHMC6u0wJE3At+nSGwA=="
        },
        "uglify-js": {
            "version": "3.7.2",
            "resolved": "https://registry.npmjs.org/uglify-js/-/uglify-js-3.7.2.tgz",
            "integrity": "sha512-uhRwZcANNWVLrxLfNFEdltoPNhECUR3lc+UdJoG9CBpMcSnKyWA94tc3eAujB1GcMY5Uwq8ZMp4qWpxWYDQmaA==",
            "optional": true,
            "requires": {
                "commander": "~2.20.3",
                "source-map": "~0.6.1"
            }
        },
        "wordwrap": {
            "version": "0.0.3",
            "resolved": "https://registry.npmjs.org/wordwrap/-/wordwrap-0.0.3.tgz",
            "integrity": "sha1-o9XabNXAvAAI03I0u68b7WMFkQc="
        }
    }
}
